
Microsoft Visual Studio Solution File, Format Version 11.00
# Visual Studio 2010
Project("{FAE04EC0-301F-11D3-BF4B-00C04F79EFBC}") = "MonoDroid.CPULoader", "MonoDroid.CPULoader\MonoDroid.CPULoader.csproj", "{37FE1064-46D8-4D83-9EEB-FDBD6C6599D3}"
EndProject
Global
	GlobalSection(SolutionConfigurationPlatforms) = preSolution
		Debug|Any CPU = Debug|Any CPU
		Release|Any CPU = Release|Any CPU
	EndGlobalSection
	GlobalSection(ProjectConfigurationPlatforms) = postSolution
		{37FE1064-46D8-4D83-9EEB-FDBD6C6599D3}.Debug|Any CPU.ActiveCfg = Debug|Any CPU
		{37FE1064-46D8-4D83-9EEB-FDBD6C6599D3}.Debug|Any CPU.Build.0 = Debug|Any CPU
		{37FE1064-46D8-4D83-9EEB-FDBD6C6599D3}.Debug|Any CPU.Deploy.0 = Debug|Any CPU
		{37FE1064-46D8-4D83-9EEB-FDBD6C6599D3}.Release|Any CPU.ActiveCfg = Release|Any CPU
		{37FE1064-46D8-4D83-9EEB-FDBD6C6599D3}.Release|Any CPU.Build.0 = Release|Any CPU
		{37FE1064-46D8-4D83-9EEB-FDBD6C6599D3}.Release|Any CPU.Deploy.0 = Release|Any CPU
	EndGlobalSection
	GlobalSection(SolutionProperties) = preSolution
		HideSolutionNode = FALSE
	EndGlobalSection
EndGlobal
